// !$*UTF8*$!
{
	archiveVersion = 1;
	classes = {
	};
	objectVersion = 50;
	objects = {

/* Begin PBXBuildFile section */
		D00AF6F5208123830011BB5E /* AppDelegate.swift in Sources */ = {isa = PBXBuildFile; fileRef = D00AF6F4208123830011BB5E /* AppDelegate.swift */; };
		D00AF6F7208123830011BB5E /* ViewController.swift in Sources */ = {isa = PBXBuildFile; fileRef = D00AF6F6208123830011BB5E /* ViewController.swift */; };
		D00AF6FA208123830011BB5E /* Main.storyboard in Resources */ = {isa = PBXBuildFile; fileRef = D00AF6F8208123830011BB5E /* Main.storyboard */; };
		D00AF6FC208123840011BB5E /* Assets.xcassets in Resources */ = {isa = PBXBuildFile; fileRef = D00AF6FB208123840011BB5E /* Assets.xcassets */; };
		D00AF6FF208123840011BB5E /* LaunchScreen.storyboard in Resources */ = {isa = PBXBuildFile; fileRef = D00AF6FD208123840011BB5E /* LaunchScreen.storyboard */; };
		D00AF710208134530011BB5E /* UIView-Extensions.swift in Sources */ = {isa = PBXBuildFile; fileRef = D00AF708208134530011BB5E /* UIView-Extensions.swift */; };
		D00AF711208134530011BB5E /* StoryboardLoadable.swift in Sources */ = {isa = PBXBuildFile; fileRef = D00AF70A208134530011BB5E /* StoryboardLoadable.swift */; };
		D00AF712208134530011BB5E /* Embeddable.swift in Sources */ = {isa = PBXBuildFile; fileRef = D00AF70B208134530011BB5E /* Embeddable.swift */; };
		D00AF713208134530011BB5E /* DequeableView.swift in Sources */ = {isa = PBXBuildFile; fileRef = D00AF70D208134530011BB5E /* DequeableView.swift */; };
		D00AF714208134530011BB5E /* ReusableView.swift in Sources */ = {isa = PBXBuildFile; fileRef = D00AF70E208134530011BB5E /* ReusableView.swift */; };
		D00AF715208134530011BB5E /* NibLoadable.swift in Sources */ = {isa = PBXBuildFile; fileRef = D00AF70F208134530011BB5E /* NibLoadable.swift */; };
/* End PBXBuildFile section */

/* Begin PBXFileReference section */
		D00AF6F1208123830011BB5E /* AppBuilders2018-demo2.app */ = {isa = PBXFileReference; explicitFileType = wrapper.application; includeInIndex = 0; path = "AppBuilders2018-demo2.app"; sourceTree = BUILT_PRODUCTS_DIR; };
		D00AF6F4208123830011BB5E /* AppDelegate.swift */ = {isa = PBXFileReference; lastKnownFileType = sourcecode.swift; path = AppDelegate.swift; sourceTree = "<group>"; };
		D00AF6F6208123830011BB5E /* ViewController.swift */ = {isa = PBXFileReference; lastKnownFileType = sourcecode.swift; path = ViewController.swift; sourceTree = "<group>"; };
		D00AF6F9208123830011BB5E /* Base */ = {isa = PBXFileReference; lastKnownFileType = file.storyboard; name = Base; path = Base.lproj/Main.storyboard; sourceTree = "<group>"; };
		D00AF6FB208123840011BB5E /* Assets.xcassets */ = {isa = PBXFileReference; lastKnownFileType = folder.assetcatalog; path = Assets.xcassets; sourceTree = "<group>"; };
		D00AF6FE208123840011BB5E /* Base */ = {isa = PBXFileReference; lastKnownFileType = file.storyboard; name = Base; path = Base.lproj/LaunchScreen.storyboard; sourceTree = "<group>"; };
		D00AF700208123840011BB5E /* Info.plist */ = {isa = PBXFileReference; lastKnownFileType = text.plist.xml; path = Info.plist; sourceTree = "<group>"; };
		D00AF708208134530011BB5E /* UIView-Extensions.swift */ = {isa = PBXFileReference; fileEncoding = 4; lastKnownFileType = sourcecode.swift; path = "UIView-Extensions.swift"; sourceTree = "<group>"; };
		D00AF70A208134530011BB5E /* StoryboardLoadable.swift */ = {isa = PBXFileReference; fileEncoding = 4; lastKnownFileType = sourcecode.swift; path = StoryboardLoadable.swift; sourceTree = "<group>"; };
		D00AF70B208134530011BB5E /* Embeddable.swift */ = {isa = PBXFileReference; fileEncoding = 4; lastKnownFileType = sourcecode.swift; path = Embeddable.swift; sourceTree = "<group>"; };
		D00AF70D208134530011BB5E /* DequeableView.swift */ = {isa = PBXFileReference; fileEncoding = 4; lastKnownFileType = sourcecode.swift; path = DequeableView.swift; sourceTree = "<group>"; };
		D00AF70E208134530011BB5E /* ReusableView.swift */ = {isa = PBXFileReference; fileEncoding = 4; lastKnownFileType = sourcecode.swift; path = ReusableView.swift; sourceTree = "<group>"; };
		D00AF70F208134530011BB5E /* NibLoadable.swift */ = {isa = PBXFileReference; fileEncoding = 4; lastKnownFileType = sourcecode.swift; path = NibLoadable.swift; sourceTree = "<group>"; };
/* End PBXFileReference section */

/* Begin PBXFrameworksBuildPhase section */
		D00AF6EE208123830011BB5E /* Frameworks */ = {
			isa = PBXFrameworksBuildPhase;
			buildActionMask = 2147483647;
			files = (
			);
			runOnlyForDeploymentPostprocessing = 0;
		};
/* End PBXFrameworksBuildPhase section */

/* Begin PBXGroup section */
		D00AF6E8208123830011BB5E = {
			isa = PBXGroup;
			children = (
				D00AF706208134530011BB5E /* Vendor */,
				D00AF6F3208123830011BB5E /* AppBuilders2018-demo2 */,
				D00AF6F2208123830011BB5E /* Products */,
			);
			sourceTree = "<group>";
		};
		D00AF6F2208123830011BB5E /* Products */ = {
			isa = PBXGroup;
			children = (
				D00AF6F1208123830011BB5E /* AppBuilders2018-demo2.app */,
			);
			name = Products;
			sourceTree = "<group>";
		};
		D00AF6F3208123830011BB5E /* AppBuilders2018-demo2 */ = {
			isa = PBXGroup;
			children = (
				D00AF6F4208123830011BB5E /* AppDelegate.swift */,
				D00AF6F6208123830011BB5E /* ViewController.swift */,
				D00AF6F8208123830011BB5E /* Main.storyboard */,
				D00AF6FB208123840011BB5E /* Assets.xcassets */,
				D00AF6FD208123840011BB5E /* LaunchScreen.storyboard */,
				D00AF700208123840011BB5E /* Info.plist */,
			);
			path = "AppBuilders2018-demo2";
			sourceTree = "<group>";
		};
		D00AF706208134530011BB5E /* Vendor */ = {
			isa = PBXGroup;
			children = (
				D00AF707208134530011BB5E /* UIKit */,
				D00AF709208134530011BB5E /* Controllers */,
				D00AF70C208134530011BB5E /* Views */,
			);
			path = Vendor;
			sourceTree = "<group>";
		};
		D00AF707208134530011BB5E /* UIKit */ = {
			isa = PBXGroup;
			children = (
				D00AF708208134530011BB5E /* UIView-Extensions.swift */,
			);
			path = UIKit;
			sourceTree = "<group>";
		};
		D00AF709208134530011BB5E /* Controllers */ = {
			isa = PBXGroup;
			children = (
				D00AF70A208134530011BB5E /* StoryboardLoadable.swift */,
				D00AF70B208134530011BB5E /* Embeddable.swift */,
			);
			path = Controllers;
			sourceTree = "<group>";
		};
		D00AF70C208134530011BB5E /* Views */ = {
			isa = PBXGroup;
			children = (
				D00AF70D208134530011BB5E /* DequeableView.swift */,
				D00AF70E208134530011BB5E /* ReusableView.swift */,
				D00AF70F208134530011BB5E /* NibLoadable.swift */,
			);
			path = Views;
			sourceTree = "<group>";
		};
/* End PBXGroup section */

/* Begin PBXNativeTarget section */
		D00AF6F0208123830011BB5E /* AppBuilders2018-demo2 */ = {
			isa = PBXNativeTarget;
			buildConfigurationList = D00AF703208123840011BB5E /* Build configuration list for PBXNativeTarget "AppBuilders2018-demo2" */;
			buildPhases = (
				D00AF6ED208123830011BB5E /* Sources */,
				D00AF6EE208123830011BB5E /* Frameworks */,
				D00AF6EF208123830011BB5E /* Resources */,
			);
			buildRules = (
			);
			dependencies = (
			);
			name = "AppBuilders2018-demo2";
			productName = "AppBuilders2018-demo2";
			productReference = D00AF6F1208123830011BB5E /* AppBuilders2018-demo2.app */;
			productType = "com.apple.product-type.application";
		};
/* End PBXNativeTarget section */

/* Begin PBXProject section */
		D00AF6E9208123830011BB5E /* Project object */ = {
			isa = PBXProject;
			attributes = {
				LastSwiftUpdateCheck = 0930;
				LastUpgradeCheck = 0930;
				ORGANIZATIONNAME = "Radiant Tap";
				TargetAttributes = {
					D00AF6F0208123830011BB5E = {
						CreatedOnToolsVersion = 9.3;
					};
				};
			};
			buildConfigurationList = D00AF6EC208123830011BB5E /* Build configuration list for PBXProject "AppBuilders2018-demo2" */;
			compatibilityVersion = "Xcode 9.3";
			developmentRegion = en;
			hasScannedForEncodings = 0;
			knownRegions = (
				en,
				Base,
			);
			mainGroup = D00AF6E8208123830011BB5E;
			productRefGroup = D00AF6F2208123830011BB5E /* Products */;
			projectDirPath = "";
			projectRoot = "";
			targets = (
				D00AF6F0208123830011BB5E /* AppBuilders2018-demo2 */,
			);
		};
/* End PBXProject section */

/* Begin PBXResourcesBuildPhase section */
		D00AF6EF208123830011BB5E /* Resources */ = {
			isa = PBXResourcesBuildPhase;
			buildActionMask = 2147483647;
			files = (
				D00AF6FF208123840011BB5E /* LaunchScreen.storyboard in Resources */,
				D00AF6FC208123840011BB5E /* Assets.xcassets in Resources */,
				D00AF6FA208123830011BB5E /* Main.storyboard in Resources */,
			);
			runOnlyForDeploymentPostprocessing = 0;
		};
/* End PBXResourcesBuildPhase section */

/* Begin PBXSourcesBuildPhase section */
		D00AF6ED208123830011BB5E /* Sources */ = {
			isa = PBXSourcesBuildPhase;
			buildActionMask = 2147483647;
			files = (
				D00AF711208134530011BB5E /* StoryboardLoadable.swift in Sources */,
				D00AF715208134530011BB5E /* NibLoadable.swift in Sources */,
				D00AF713208134530011BB5E /* DequeableView.swift in Sources */,
				D00AF6F7208123830011BB5E /* ViewController.swift in Sources */,
				D00AF6F5208123830011BB5E /* AppDelegate.swift in Sources */,
				D00AF712208134530011BB5E /* Embeddable.swift in Sources */,
				D00AF714208134530011BB5E /* ReusableView.swift in Sources */,
				D00AF710208134530011BB5E /* UIView-Extensions.swift in Sources */,
			);
			runOnlyForDeploymentPostprocessing = 0;
		};
/* End PBXSourcesBuildPhase section */

/* Begin PBXVariantGroup section */
		D00AF6F8208123830011BB5E /* Main.storyboard */ = {
			isa = PBXVariantGroup;
			children = (
				D00AF6F9208123830011BB5E /* Base */,
			);
			name = Main.storyboard;
			sourceTree = "<group>";
		};
		D00AF6FD208123840011BB5E /* LaunchScreen.storyboard */ = {
			isa = PBXVariantGroup;
			children = (
				D00AF6FE208123840011BB5E /* Base */,
			);
			name = LaunchScreen.storyboard;
			sourceTree = "<group>";
		};
/* End PBXVariantGroup section */

/* Begin XCBuildConfiguration section */
		D00AF701208123840011BB5E /* Debug */ = {
			isa = XCBuildConfiguration;
			buildSettings = {
				ALWAYS_SEARCH_USER_PATHS = NO;
				CLANG_ANALYZER_NONNULL = YES;
				CLANG_ANALYZER_NUMBER_OBJECT_CONVERSION = YES_AGGRESSIVE;
				CLANG_CXX_LANGUAGE_STANDARD = "gnu++14";
				CLANG_CXX_LIBRARY = "libc++";
				CLANG_ENABLE_MODULES = YES;
				CLANG_ENABLE_OBJC_ARC = YES;
				CLANG_ENABLE_OBJC_WEAK = YES;
				CLANG_WARN_BLOCK_CAPTURE_AUTORELEASING = YES;
				CLANG_WARN_BOOL_CONVERSION = YES;
				CLANG_WARN_COMMA = YES;
				CLANG_WARN_CONSTANT_CONVERSION = YES;
				CLANG_WARN_DEPRECATED_OBJC_IMPLEMENTATIONS = YES;
				CLANG_WARN_DIRECT_OBJC_ISA_USAGE = YES_ERROR;
				CLANG_WARN_DOCUMENTATION_COMMENTS = YES;
				CLANG_WARN_EMPTY_BODY = YES;
				CLANG_WARN_ENUM_CONVERSION = YES;
				CLANG_WARN_INFINITE_RECURSION = YES;
				CLANG_WARN_INT_CONVERSION = YES;
				CLANG_WARN_NON_LITERAL_NULL_CONVERSION = YES;
				CLANG_WARN_OBJC_IMPLICIT_RETAIN_SELF = YES;
				CLANG_WARN_OBJC_LITERAL_CONVERSION = YES;
				CLANG_WARN_OBJC_ROOT_CLASS = YES_ERROR;
				CLANG_WARN_RANGE_LOOP_ANALYSIS = YES;
				CLANG_WARN_STRICT_PROTOTYPES = YES;
				CLANG_WARN_SUSPICIOUS_MOVE = YES;
				CLANG_WARN_UNGUARDED_AVAILABILITY = YES_AGGRESSIVE;
				CLANG_WARN_UNREACHABLE_CODE = YES;
				CLANG_WARN__DUPLICATE_METHOD_MATCH = YES;
				CODE_SIGN_IDENTITY = "iPhone Developer";
				COPY_PHASE_STRIP = NO;
				DEBUG_INFORMATION_FORMAT = dwarf;
				ENABLE_STRICT_OBJC_MSGSEND = YES;
				ENABLE_TESTABILITY = YES;
				GCC_C_LANGUAGE_STANDARD = gnu11;
				GCC_DYNAMIC_NO_PIC = NO;
				GCC_NO_COMMON_BLOCKS = YES;
				GCC_OPTIMIZATION_LEVEL = 0;
				GCC_PREPROCESSOR_DEFINITIONS = (
					"DEBUG=1",
					"$(inherited)",
				);
				GCC_WARN_64_TO_32_BIT_CONVERSION = YES;
				GCC_WARN_ABOUT_RETURN_TYPE = YES_ERROR;
				GCC_WARN_UNDECLARED_SELECTOR = YES;
				GCC_WARN_UNINITIALIZED_AUTOS = YES_AGGRESSIVE;
				GCC_WARN_UNUSED_FUNCTION = YES;
				GCC_WARN_UNUSED_VARIABLE = YES;
				IPHONEOS_DEPLOYMENT_TARGET = 11.3;
				MTL_ENABLE_DEBUG_INFO = YES;
				ONLY_ACTIVE_ARCH = YES;
				SDKROOT = iphoneos;
				SWIFT_ACTIVE_COMPILATION_CONDITIONS = DEBUG;
				SWIFT_OPTIMIZATION_LEVEL = "-Onone";
			};
			name = Debug;
		};
		D00AF702208123840011BB5E /* Release */ = {
			isa = XCBuildConfiguration;
			buildSettings = {
				ALWAYS_SEARCH_USER_PATHS = NO;
				CLANG_ANALYZER_NONNULL = YES;
				CLANG_ANALYZER_NUMBER_OBJECT_CONVERSION = YES_AGGRESSIVE;
				CLANG_CXX_LANGUAGE_STANDARD = "gnu++14";
				CLANG_CXX_LIBRARY = "libc++";
				CLANG_ENABLE_MODULES = YES;
				CLANG_ENABLE_OBJC_ARC = YES;
				CLANG_ENABLE_OBJC_WEAK = YES;
				CLANG_WARN_BLOCK_CAPTURE_AUTORELEASING = YES;
				CLANG_WARN_BOOL_CONVERSION = YES;
				CLANG_WARN_COMMA = YES;
				CLANG_WARN_CONSTANT_CONVERSION = YES;
				CLANG_WARN_DEPRECATED_OBJC_IMPLEMENTATIONS = YES;
				CLANG_WARN_DIRECT_OBJC_ISA_USAGE = YES_ERROR;
				CLANG_WARN_DOCUMENTATION_COMMENTS = YES;
				CLANG_WARN_EMPTY_BODY = YES;
				CLANG_WARN_ENUM_CONVERSION = YES;
				CLANG_WARN_INFINITE_RECURSION = YES;
				CLANG_WARN_INT_CONVERSION = YES;
				CLANG_WARN_NON_LITERAL_NULL_CONVERSION = YES;
				CLANG_WARN_OBJC_IMPLICIT_RETAIN_SELF = YES;
				CLANG_WARN_OBJC_LITERAL_CONVERSION = YES;
				CLANG_WARN_OBJC_ROOT_CLASS = YES_ERROR;
				CLANG_WARN_RANGE_LOOP_ANALYSIS = YES;
				CLANG_WARN_STRICT_PROTOTYPES = YES;
				CLANG_WARN_SUSPICIOUS_MOVE = YES;
				CLANG_WARN_UNGUARDED_AVAILABILITY = YES_AGGRESSIVE;
				CLANG_WARN_UNREACHABLE_CODE = YES;
				CLANG_WARN__DUPLICATE_METHOD_MATCH = YES;
				CODE_SIGN_IDENTITY = "iPhone Developer";
				COPY_PHASE_STRIP = NO;
				DEBUG_INFORMATION_FORMAT = "dwarf-with-dsym";
				ENABLE_NS_ASSERTIONS = NO;
				ENABLE_STRICT_OBJC_MSGSEND = YES;
				GCC_C_LANGUAGE_STANDARD = gnu11;
				GCC_NO_COMMON_BLOCKS = YES;
				GCC_WARN_64_TO_32_BIT_CONVERSION = YES;
				GCC_WARN_ABOUT_RETURN_TYPE = YES_ERROR;
				GCC_WARN_UNDECLARED_SELECTOR = YES;
				GCC_WARN_UNINITIALIZED_AUTOS = YES_AGGRESSIVE;
				GCC_WARN_UNUSED_FUNCTION = YES;
				GCC_WARN_UNUSED_VARIABLE = YES;
				IPHONEOS_DEPLOYMENT_TARGET = 11.3;
				MTL_ENABLE_DEBUG_INFO = NO;
				SDKROOT = iphoneos;
				SWIFT_COMPILATION_MODE = wholemodule;
				SWIFT_OPTIMIZATION_LEVEL = "-O";
				VALIDATE_PRODUCT = YES;
			};
			name = Release;
		};
		D00AF704208123840011BB5E /* Debug */ = {
			isa = XCBuildConfiguration;
			buildSettings = {
				ASSETCATALOG_COMPILER_APPICON_NAME = AppIcon;
				CODE_SIGN_STYLE = Automatic;
				INFOPLIST_FILE = "AppBuilders2018-demo2/Info.plist";
				LD_RUNPATH_SEARCH_PATHS = (
					"$(inherited)",
					"@executable_path/Frameworks",
				);
				PRODUCT_BUNDLE_IDENTIFIER = "com.radianttap.AppBuilders2018-demo2";
				PRODUCT_NAME = "$(TARGET_NAME)";
				SWIFT_VERSION = 4.0;
				TARGETED_DEVICE_FAMILY = "1,2";
			};
			name = Debug;
		};
		D00AF705208123840011BB5E /* Release */ = {
			isa = XCBuildConfiguration;
			buildSettings = {
				ASSETCATALOG_COMPILER_APPICON_NAME = AppIcon;
				CODE_SIGN_STYLE = Automatic;
				INFOPLIST_FILE = "AppBuilders2018-demo2/Info.plist";
				LD_RUNPATH_SEARCH_PATHS = (
					"$(inherited)",
					"@executable_path/Frameworks",
				);
				PRODUCT_BUNDLE_IDENTIFIER = "com.radianttap.AppBuilders2018-demo2";
				PRODUCT_NAME = "$(TARGET_NAME)";
				SWIFT_VERSION = 4.0;
				TARGETED_DEVICE_FAMILY = "1,2";
			};
			name = Release;
		};
/* End XCBuildConfiguration section */

/* Begin XCConfigurationList section */
		D00AF6EC208123830011BB5E /* Build configuration list for PBXProject "AppBuilders2018-demo2" */ = {
			isa = XCConfigurationList;
			buildConfigurations = (
				D00AF701208123840011BB5E /* Debug */,
				D00AF702208123840011BB5E /* Release */,
			);
			defaultConfigurationIsVisible = 0;
			defaultConfigurationName = Release;
		};
		D00AF703208123840011BB5E /* Build configuration list for PBXNativeTarget "AppBuilders2018-demo2" */ = {
			isa = XCConfigurationList;
			buildConfigurations = (
				D00AF704208123840011BB5E /* Debug */,
				D00AF705208123840011BB5E /* Release */,
			);
			defaultConfigurationIsVisible = 0;
			defaultConfigurationName = Release;
		};
/* End XCConfigurationList section */
	};
	rootObject = D00AF6E9208123830011BB5E /* Project object */;
}
